
Microsoft Visual Studio Solution File, Format Version 12.00
# Visual Studio Version 17
VisualStudioVersion = 17.9.34701.34
MinimumVisualStudioVersion = 10.0.40219.1
Project("{9A19103F-16F7-4668-BE54-9A1E7A4F7556}") = "ejercicio02", "primerClase\ejercicio02.csproj", "{36356FE3-0636-4CA5-BD05-62BB0E56C28B}"
EndProject
Project("{9A19103F-16F7-4668-BE54-9A1E7A4F7556}") = "repaso_condicionales", "repaso_condicionales\repaso_condicionales.csproj", "{51CFB390-5ED8-472D-9EBB-218E69AD011E}"
EndProject
Project("{9A19103F-16F7-4668-BE54-9A1E7A4F7556}") = "ejercicio06", "ejercicio_lamparitas\ejercicio06.csproj", "{1E42004B-F03F-4295-B7AE-811C2A1EB13F}"
EndProject
Project("{9A19103F-16F7-4668-BE54-9A1E7A4F7556}") = "ejercicio01", "nombreYapellido\ejercicio01.csproj", "{D6FA4562-4800-404A-93AA-1631A7DFE128}"
EndProject
Project("{9A19103F-16F7-4668-BE54-9A1E7A4F7556}") = "ejercicio03", "ejercicio03\ejercicio03.csproj", "{7876A8F0-FA31-41D1-9391-178F755ACFF0}"
EndProject
Project("{9A19103F-16F7-4668-BE54-9A1E7A4F7556}") = "ejercicio04", "ejercicio04\ejercicio04.csproj", "{88507572-B396-4725-8099-614B17E29257}"
EndProject
Project("{9A19103F-16F7-4668-BE54-9A1E7A4F7556}") = "ejercicio05", "ejercicio05\ejercicio05.csproj", "{6D509AD0-F51F-4311-81F5-B2C96C4453B5}"
EndProject
Project("{FAE04EC0-301F-11D3-BF4B-00C04F79EFBC}") = "repaso_bucles", "repaso_bucles\repaso_bucles.csproj", "{C21472E7-C885-48A6-A01B-BDE62FFC264D}"
EndProject
Global
	GlobalSection(SolutionConfigurationPlatforms) = preSolution
		Debug|Any CPU = Debug|Any CPU
		Release|Any CPU = Release|Any CPU
	EndGlobalSection
	GlobalSection(ProjectConfigurationPlatforms) = postSolution
		{36356FE3-0636-4CA5-BD05-62BB0E56C28B}.Debug|Any CPU.ActiveCfg = Debug|Any CPU
		{36356FE3-0636-4CA5-BD05-62BB0E56C28B}.Debug|Any CPU.Build.0 = Debug|Any CPU
		{36356FE3-0636-4CA5-BD05-62BB0E56C28B}.Release|Any CPU.ActiveCfg = Release|Any CPU
		{36356FE3-0636-4CA5-BD05-62BB0E56C28B}.Release|Any CPU.Build.0 = Release|Any CPU
		{51CFB390-5ED8-472D-9EBB-218E69AD011E}.Debug|Any CPU.ActiveCfg = Debug|Any CPU
		{51CFB390-5ED8-472D-9EBB-218E69AD011E}.Debug|Any CPU.Build.0 = Debug|Any CPU
		{51CFB390-5ED8-472D-9EBB-218E69AD011E}.Release|Any CPU.ActiveCfg = Release|Any CPU
		{51CFB390-5ED8-472D-9EBB-218E69AD011E}.Release|Any CPU.Build.0 = Release|Any CPU
		{1E42004B-F03F-4295-B7AE-811C2A1EB13F}.Debug|Any CPU.ActiveCfg = Debug|Any CPU
		{1E42004B-F03F-4295-B7AE-811C2A1EB13F}.Debug|Any CPU.Build.0 = Debug|Any CPU
		{1E42004B-F03F-4295-B7AE-811C2A1EB13F}.Release|Any CPU.ActiveCfg = Release|Any CPU
		{1E42004B-F03F-4295-B7AE-811C2A1EB13F}.Release|Any CPU.Build.0 = Release|Any CPU
		{D6FA4562-4800-404A-93AA-1631A7DFE128}.Debug|Any CPU.ActiveCfg = Debug|Any CPU
		{D6FA4562-4800-404A-93AA-1631A7DFE128}.Debug|Any CPU.Build.0 = Debug|Any CPU
		{D6FA4562-4800-404A-93AA-1631A7DFE128}.Release|Any CPU.ActiveCfg = Release|Any CPU
		{D6FA4562-4800-404A-93AA-1631A7DFE128}.Release|Any CPU.Build.0 = Release|Any CPU
		{7876A8F0-FA31-41D1-9391-178F755ACFF0}.Debug|Any CPU.ActiveCfg = Debug|Any CPU
		{7876A8F0-FA31-41D1-9391-178F755ACFF0}.Debug|Any CPU.Build.0 = Debug|Any CPU
		{7876A8F0-FA31-41D1-9391-178F755ACFF0}.Release|Any CPU.ActiveCfg = Release|Any CPU
		{7876A8F0-FA31-41D1-9391-178F755ACFF0}.Release|Any CPU.Build.0 = Release|Any CPU
		{88507572-B396-4725-8099-614B17E29257}.Debug|Any CPU.ActiveCfg = Debug|Any CPU
		{88507572-B396-4725-8099-614B17E29257}.Debug|Any CPU.Build.0 = Debug|Any CPU
		{88507572-B396-4725-8099-614B17E29257}.Release|Any CPU.ActiveCfg = Release|Any CPU
		{88507572-B396-4725-8099-614B17E29257}.Release|Any CPU.Build.0 = Release|Any CPU
		{6D509AD0-F51F-4311-81F5-B2C96C4453B5}.Debug|Any CPU.ActiveCfg = Debug|Any CPU
		{6D509AD0-F51F-4311-81F5-B2C96C4453B5}.Debug|Any CPU.Build.0 = Debug|Any CPU
		{6D509AD0-F51F-4311-81F5-B2C96C4453B5}.Release|Any CPU.ActiveCfg = Release|Any CPU
		{6D509AD0-F51F-4311-81F5-B2C96C4453B5}.Release|Any CPU.Build.0 = Release|Any CPU
		{C21472E7-C885-48A6-A01B-BDE62FFC264D}.Debug|Any CPU.ActiveCfg = Debug|Any CPU
		{C21472E7-C885-48A6-A01B-BDE62FFC264D}.Debug|Any CPU.Build.0 = Debug|Any CPU
		{C21472E7-C885-48A6-A01B-BDE62FFC264D}.Release|Any CPU.ActiveCfg = Release|Any CPU
		{C21472E7-C885-48A6-A01B-BDE62FFC264D}.Release|Any CPU.Build.0 = Release|Any CPU
	EndGlobalSection
	GlobalSection(SolutionProperties) = preSolution
		HideSolutionNode = FALSE
	EndGlobalSection
	GlobalSection(ExtensibilityGlobals) = postSolution
		SolutionGuid = {6B7FF7D4-8DF2-4C9A-AD0A-8CBEBB9D089E}
	EndGlobalSection
EndGlobal
